
Microsoft Visual Studio Solution File, Format Version 12.00
# Visual Studio Version 17
VisualStudioVersion = 17.14.36414.22 d17.14
MinimumVisualStudioVersion = 10.0.40219.1
Project("{FAE04EC0-301F-11D3-BF4B-00C04F79EFBC}") = "TaskManagementSystemMVC", "TaskManagementSystemMVC.csproj", "{F921B332-5A59-4857-8F81-D716E972E64A}"
EndProject
Global
	GlobalSection(SolutionConfigurationPlatforms) = preSolution
		Debug|Any CPU = Debug|Any CPU
		Release|Any CPU = Release|Any CPU
	EndGlobalSection
	GlobalSection(ProjectConfigurationPlatforms) = postSolution
		{F921B332-5A59-4857-8F81-D716E972E64A}.Debug|Any CPU.ActiveCfg = Debug|Any CPU
		{F921B332-5A59-4857-8F81-D716E972E64A}.Debug|Any CPU.Build.0 = Debug|Any CPU
		{F921B332-5A59-4857-8F81-D716E972E64A}.Release|Any CPU.ActiveCfg = Release|Any CPU
		{F921B332-5A59-4857-8F81-D716E972E64A}.Release|Any CPU.Build.0 = Release|Any CPU
	EndGlobalSection
	GlobalSection(SolutionProperties) = preSolution
		HideSolutionNode = FALSE
	EndGlobalSection
	GlobalSection(ExtensibilityGlobals) = postSolution
		SolutionGuid = {495DB104-A7C5-4B7C-9CA8-AB267CA59875}
	EndGlobalSection
EndGlobal
