
Microsoft Visual Studio Solution File, Format Version 12.00
# Visual Studio Version 17
VisualStudioVersion = 17.14.36414.22 d17.14
MinimumVisualStudioVersion = 10.0.40219.1
Project("{FAE04EC0-301F-11D3-BF4B-00C04F79EFBC}") = "ProductManagementMvc", "ProductManagementMvc.csproj", "{75F25A0F-CE74-469D-B653-25929D42819A}"
EndProject
Global
	GlobalSection(SolutionConfigurationPlatforms) = preSolution
		Debug|Any CPU = Debug|Any CPU
		Release|Any CPU = Release|Any CPU
	EndGlobalSection
	GlobalSection(ProjectConfigurationPlatforms) = postSolution
		{75F25A0F-CE74-469D-B653-25929D42819A}.Debug|Any CPU.ActiveCfg = Debug|Any CPU
		{75F25A0F-CE74-469D-B653-25929D42819A}.Debug|Any CPU.Build.0 = Debug|Any CPU
		{75F25A0F-CE74-469D-B653-25929D42819A}.Release|Any CPU.ActiveCfg = Release|Any CPU
		{75F25A0F-CE74-469D-B653-25929D42819A}.Release|Any CPU.Build.0 = Release|Any CPU
	EndGlobalSection
	GlobalSection(SolutionProperties) = preSolution
		HideSolutionNode = FALSE
	EndGlobalSection
	GlobalSection(ExtensibilityGlobals) = postSolution
		SolutionGuid = {8AC00AA5-D730-41AA-8149-E795AED0D4CF}
	EndGlobalSection
EndGlobal
